// !$*UTF8*$!
{
	archiveVersion = 1;
	classes = {
	};
	objectVersion = 55;
	objects = {

/* Begin PBXBuildFile section */
		8A36392E296D036B006FBC96 /* RegistrationFormView.swift in Sources */ = {isa = PBXBuildFile; fileRef = 8A36392D296D036B006FBC96 /* RegistrationFormView.swift */; };
		8A363935296D107B006FBC96 /* MdtAPIService.swift in Sources */ = {isa = PBXBuildFile; fileRef = 8A363934296D107B006FBC96 /* MdtAPIService.swift */; };
		8A363938296D1191006FBC96 /* APICaller.swift in Sources */ = {isa = PBXBuildFile; fileRef = 8A363937296D1191006FBC96 /* APICaller.swift */; };
		8A36393A296D34C7006FBC96 /* CreateLoginData.swift in Sources */ = {isa = PBXBuildFile; fileRef = 8A363939296D34C7006FBC96 /* CreateLoginData.swift */; };
		8A36393C296D3558006FBC96 /* CreateLoginResponse.swift in Sources */ = {isa = PBXBuildFile; fileRef = 8A36393B296D3558006FBC96 /* CreateLoginResponse.swift */; };
		8A36393E296D35C4006FBC96 /* CreateRegistrationData.swift in Sources */ = {isa = PBXBuildFile; fileRef = 8A36393D296D35C4006FBC96 /* CreateRegistrationData.swift */; };
		8A363940296D35D7006FBC96 /* CreateRegistrationResponse.swift in Sources */ = {isa = PBXBuildFile; fileRef = 8A36393F296D35D7006FBC96 /* CreateRegistrationResponse.swift */; };
		8A363942296D4CF2006FBC96 /* GlobalStates.swift in Sources */ = {isa = PBXBuildFile; fileRef = 8A363941296D4CF2006FBC96 /* GlobalStates.swift */; };
		8A363945296D5002006FBC96 /* HomeView.swift in Sources */ = {isa = PBXBuildFile; fileRef = 8A363944296D5002006FBC96 /* HomeView.swift */; };
		8A363947296D6E8F006FBC96 /* ReadBalanceResponse.swift in Sources */ = {isa = PBXBuildFile; fileRef = 8A363946296D6E8E006FBC96 /* ReadBalanceResponse.swift */; };
		8A363949296D6FA0006FBC96 /* ReadPayeesResponse.swift in Sources */ = {isa = PBXBuildFile; fileRef = 8A363948296D6FA0006FBC96 /* ReadPayeesResponse.swift */; };
		8A36394B296D7075006FBC96 /* ReadTransactionsResponse.swift in Sources */ = {isa = PBXBuildFile; fileRef = 8A36394A296D7075006FBC96 /* ReadTransactionsResponse.swift */; };
		8A4D3F83296E4AD000848823 /* HomeCardView.swift in Sources */ = {isa = PBXBuildFile; fileRef = 8A4D3F82296E4AD000848823 /* HomeCardView.swift */; };
		8A4D3F88296E50A000848823 /* CardView.swift in Sources */ = {isa = PBXBuildFile; fileRef = 8A4D3F87296E50A000848823 /* CardView.swift */; };
		8A4D3F8A296E5A1800848823 /* ViewUsageError.swift in Sources */ = {isa = PBXBuildFile; fileRef = 8A4D3F89296E5A1800848823 /* ViewUsageError.swift */; };
		8A4D3F8C296E6AF400848823 /* EmptyData.swift in Sources */ = {isa = PBXBuildFile; fileRef = 8A4D3F8B296E6AF400848823 /* EmptyData.swift */; };
		8A4D3F8E296E6D5900848823 /* CreateTransferResponse.swift in Sources */ = {isa = PBXBuildFile; fileRef = 8A4D3F8D296E6D5900848823 /* CreateTransferResponse.swift */; };
		8AB8A73B2965822F00917FDC /* mdtApp.swift in Sources */ = {isa = PBXBuildFile; fileRef = 8AB8A73A2965822F00917FDC /* mdtApp.swift */; };
		8AB8A73D2965822F00917FDC /* PreviewView.swift in Sources */ = {isa = PBXBuildFile; fileRef = 8AB8A73C2965822F00917FDC /* PreviewView.swift */; };
		8AB8A73F2965823000917FDC /* Assets.xcassets in Resources */ = {isa = PBXBuildFile; fileRef = 8AB8A73E2965823000917FDC /* Assets.xcassets */; };
		8AB8A7422965823000917FDC /* Preview Assets.xcassets in Resources */ = {isa = PBXBuildFile; fileRef = 8AB8A7412965823000917FDC /* Preview Assets.xcassets */; };
		8AB8A74C2965823000917FDC /* mdtTests.swift in Sources */ = {isa = PBXBuildFile; fileRef = 8AB8A74B2965823000917FDC /* mdtTests.swift */; };
		8AB8A7562965823100917FDC /* mdtUITests.swift in Sources */ = {isa = PBXBuildFile; fileRef = 8AB8A7552965823100917FDC /* mdtUITests.swift */; };
		8AB8A7582965823100917FDC /* mdtUITestsLaunchTests.swift in Sources */ = {isa = PBXBuildFile; fileRef = 8AB8A7572965823100917FDC /* mdtUITestsLaunchTests.swift */; };
		8AB8A768296665A100917FDC /* Theme.swift in Sources */ = {isa = PBXBuildFile; fileRef = 8AB8A767296665A100917FDC /* Theme.swift */; };
		8AB8A7B22967D8A200917FDC /* PreviewMainContentView.swift in Sources */ = {isa = PBXBuildFile; fileRef = 8AB8A7B12967D8A200917FDC /* PreviewMainContentView.swift */; };
		8AB8A7B62967DA3000917FDC /* BottomButtonView.swift in Sources */ = {isa = PBXBuildFile; fileRef = 8AB8A7B52967DA3000917FDC /* BottomButtonView.swift */; };
		8AB8A7B82967E0BC00917FDC /* PreviewsView.swift in Sources */ = {isa = PBXBuildFile; fileRef = 8AB8A7B72967E0BC00917FDC /* PreviewsView.swift */; };
		8AB8A7BA2967E1CB00917FDC /* PreviewContent.swift in Sources */ = {isa = PBXBuildFile; fileRef = 8AB8A7B92967E1CB00917FDC /* PreviewContent.swift */; };
		8AB8A7BC2968142800917FDC /* CarouselIndex.swift in Sources */ = {isa = PBXBuildFile; fileRef = 8AB8A7BB2968142700917FDC /* CarouselIndex.swift */; };
		8AB8A7BF29681BE500917FDC /* PreviewContentData.swift in Sources */ = {isa = PBXBuildFile; fileRef = 8AB8A7BE29681BE500917FDC /* PreviewContentData.swift */; };
		8AB8A7C4296BA99F00917FDC /* LoginView.swift in Sources */ = {isa = PBXBuildFile; fileRef = 8AB8A7C3296BA99F00917FDC /* LoginView.swift */; };
		8AB8A7C6296BAF0000917FDC /* TopButtonView.swift in Sources */ = {isa = PBXBuildFile; fileRef = 8AB8A7C5296BAF0000917FDC /* TopButtonView.swift */; };
		8AB8A7C8296BCC4B00917FDC /* TopBarLeadingView.swift in Sources */ = {isa = PBXBuildFile; fileRef = 8AB8A7C7296BCC4B00917FDC /* TopBarLeadingView.swift */; };
		8AB8A7CA296BCE6D00917FDC /* TopBarTrailingView.swift in Sources */ = {isa = PBXBuildFile; fileRef = 8AB8A7C9296BCE6D00917FDC /* TopBarTrailingView.swift */; };
		8AB8A7CC296BFCB100917FDC /* RegistrationView.swift in Sources */ = {isa = PBXBuildFile; fileRef = 8AB8A7CB296BFCB100917FDC /* RegistrationView.swift */; };
		8AB8A7D0296C012900917FDC /* GeneralTextFieldView.swift in Sources */ = {isa = PBXBuildFile; fileRef = 8AB8A7CF296C012900917FDC /* GeneralTextFieldView.swift */; };
		8AB8A7D2296C1F0700917FDC /* LoginFormView.swift in Sources */ = {isa = PBXBuildFile; fileRef = 8AB8A7D1296C1F0700917FDC /* LoginFormView.swift */; };
		8AB8A7D4296C1F5000917FDC /* LoginDetails.swift in Sources */ = {isa = PBXBuildFile; fileRef = 8AB8A7D3296C1F5000917FDC /* LoginDetails.swift */; };
/* End PBXBuildFile section */

/* Begin PBXContainerItemProxy section */
		8AB8A7482965823000917FDC /* PBXContainerItemProxy */ = {
			isa = PBXContainerItemProxy;
			containerPortal = 8AB8A72F2965822F00917FDC /* Project object */;
			proxyType = 1;
			remoteGlobalIDString = 8AB8A7362965822F00917FDC;
			remoteInfo = mdt;
		};
		8AB8A7522965823100917FDC /* PBXContainerItemProxy */ = {
			isa = PBXContainerItemProxy;
			containerPortal = 8AB8A72F2965822F00917FDC /* Project object */;
			proxyType = 1;
			remoteGlobalIDString = 8AB8A7362965822F00917FDC;
			remoteInfo = mdt;
		};
/* End PBXContainerItemProxy section */

/* Begin PBXFileReference section */
		8A36392D296D036B006FBC96 /* RegistrationFormView.swift */ = {isa = PBXFileReference; lastKnownFileType = sourcecode.swift; path = RegistrationFormView.swift; sourceTree = "<group>"; };
		8A363934296D107B006FBC96 /* MdtAPIService.swift */ = {isa = PBXFileReference; lastKnownFileType = sourcecode.swift; path = MdtAPIService.swift; sourceTree = "<group>"; };
		8A363937296D1191006FBC96 /* APICaller.swift */ = {isa = PBXFileReference; lastKnownFileType = sourcecode.swift; path = APICaller.swift; sourceTree = "<group>"; };
		8A363939296D34C7006FBC96 /* CreateLoginData.swift */ = {isa = PBXFileReference; lastKnownFileType = sourcecode.swift; path = CreateLoginData.swift; sourceTree = "<group>"; };
		8A36393B296D3558006FBC96 /* CreateLoginResponse.swift */ = {isa = PBXFileReference; lastKnownFileType = sourcecode.swift; path = CreateLoginResponse.swift; sourceTree = "<group>"; };
		8A36393D296D35C4006FBC96 /* CreateRegistrationData.swift */ = {isa = PBXFileReference; lastKnownFileType = sourcecode.swift; path = CreateRegistrationData.swift; sourceTree = "<group>"; };
		8A36393F296D35D7006FBC96 /* CreateRegistrationResponse.swift */ = {isa = PBXFileReference; lastKnownFileType = sourcecode.swift; path = CreateRegistrationResponse.swift; sourceTree = "<group>"; };
		8A363941296D4CF2006FBC96 /* GlobalStates.swift */ = {isa = PBXFileReference; lastKnownFileType = sourcecode.swift; path = GlobalStates.swift; sourceTree = "<group>"; };
		8A363944296D5002006FBC96 /* HomeView.swift */ = {isa = PBXFileReference; lastKnownFileType = sourcecode.swift; path = HomeView.swift; sourceTree = "<group>"; };
		8A363946296D6E8E006FBC96 /* ReadBalanceResponse.swift */ = {isa = PBXFileReference; lastKnownFileType = sourcecode.swift; path = ReadBalanceResponse.swift; sourceTree = "<group>"; };
		8A363948296D6FA0006FBC96 /* ReadPayeesResponse.swift */ = {isa = PBXFileReference; lastKnownFileType = sourcecode.swift; path = ReadPayeesResponse.swift; sourceTree = "<group>"; };
		8A36394A296D7075006FBC96 /* ReadTransactionsResponse.swift */ = {isa = PBXFileReference; lastKnownFileType = sourcecode.swift; path = ReadTransactionsResponse.swift; sourceTree = "<group>"; };
		8A4D3F82296E4AD000848823 /* HomeCardView.swift */ = {isa = PBXFileReference; lastKnownFileType = sourcecode.swift; path = HomeCardView.swift; sourceTree = "<group>"; };
		8A4D3F87296E50A000848823 /* CardView.swift */ = {isa = PBXFileReference; lastKnownFileType = sourcecode.swift; path = CardView.swift; sourceTree = "<group>"; };
		8A4D3F89296E5A1800848823 /* ViewUsageError.swift */ = {isa = PBXFileReference; lastKnownFileType = sourcecode.swift; path = ViewUsageError.swift; sourceTree = "<group>"; };
		8A4D3F8B296E6AF400848823 /* EmptyData.swift */ = {isa = PBXFileReference; lastKnownFileType = sourcecode.swift; path = EmptyData.swift; sourceTree = "<group>"; };
		8A4D3F8D296E6D5900848823 /* CreateTransferResponse.swift */ = {isa = PBXFileReference; lastKnownFileType = sourcecode.swift; path = CreateTransferResponse.swift; sourceTree = "<group>"; };
		8AB8A7372965822F00917FDC /* mdt.app */ = {isa = PBXFileReference; explicitFileType = wrapper.application; includeInIndex = 0; path = mdt.app; sourceTree = BUILT_PRODUCTS_DIR; };
		8AB8A73A2965822F00917FDC /* mdtApp.swift */ = {isa = PBXFileReference; lastKnownFileType = sourcecode.swift; path = mdtApp.swift; sourceTree = "<group>"; };
		8AB8A73C2965822F00917FDC /* PreviewView.swift */ = {isa = PBXFileReference; lastKnownFileType = sourcecode.swift; path = PreviewView.swift; sourceTree = "<group>"; };
		8AB8A73E2965823000917FDC /* Assets.xcassets */ = {isa = PBXFileReference; lastKnownFileType = folder.assetcatalog; path = Assets.xcassets; sourceTree = "<group>"; };
		8AB8A7412965823000917FDC /* Preview Assets.xcassets */ = {isa = PBXFileReference; lastKnownFileType = folder.assetcatalog; path = "Preview Assets.xcassets"; sourceTree = "<group>"; };
		8AB8A7472965823000917FDC /* mdtTests.xctest */ = {isa = PBXFileReference; explicitFileType = wrapper.cfbundle; includeInIndex = 0; path = mdtTests.xctest; sourceTree = BUILT_PRODUCTS_DIR; };
		8AB8A74B2965823000917FDC /* mdtTests.swift */ = {isa = PBXFileReference; lastKnownFileType = sourcecode.swift; path = mdtTests.swift; sourceTree = "<group>"; };
		8AB8A7512965823100917FDC /* mdtUITests.xctest */ = {isa = PBXFileReference; explicitFileType = wrapper.cfbundle; includeInIndex = 0; path = mdtUITests.xctest; sourceTree = BUILT_PRODUCTS_DIR; };
		8AB8A7552965823100917FDC /* mdtUITests.swift */ = {isa = PBXFileReference; lastKnownFileType = sourcecode.swift; path = mdtUITests.swift; sourceTree = "<group>"; };
		8AB8A7572965823100917FDC /* mdtUITestsLaunchTests.swift */ = {isa = PBXFileReference; lastKnownFileType = sourcecode.swift; path = mdtUITestsLaunchTests.swift; sourceTree = "<group>"; };
		8AB8A767296665A100917FDC /* Theme.swift */ = {isa = PBXFileReference; lastKnownFileType = sourcecode.swift; path = Theme.swift; sourceTree = "<group>"; };
		8AB8A7B12967D8A200917FDC /* PreviewMainContentView.swift */ = {isa = PBXFileReference; lastKnownFileType = sourcecode.swift; path = PreviewMainContentView.swift; sourceTree = "<group>"; };
		8AB8A7B52967DA3000917FDC /* BottomButtonView.swift */ = {isa = PBXFileReference; lastKnownFileType = sourcecode.swift; path = BottomButtonView.swift; sourceTree = "<group>"; };
		8AB8A7B72967E0BC00917FDC /* PreviewsView.swift */ = {isa = PBXFileReference; lastKnownFileType = sourcecode.swift; path = PreviewsView.swift; sourceTree = "<group>"; };
		8AB8A7B92967E1CB00917FDC /* PreviewContent.swift */ = {isa = PBXFileReference; lastKnownFileType = sourcecode.swift; path = PreviewContent.swift; sourceTree = "<group>"; };
		8AB8A7BB2968142700917FDC /* CarouselIndex.swift */ = {isa = PBXFileReference; lastKnownFileType = sourcecode.swift; path = CarouselIndex.swift; sourceTree = "<group>"; };
		8AB8A7BE29681BE500917FDC /* PreviewContentData.swift */ = {isa = PBXFileReference; lastKnownFileType = sourcecode.swift; path = PreviewContentData.swift; sourceTree = "<group>"; };
		8AB8A7C3296BA99F00917FDC /* LoginView.swift */ = {isa = PBXFileReference; lastKnownFileType = sourcecode.swift; path = LoginView.swift; sourceTree = "<group>"; };
		8AB8A7C5296BAF0000917FDC /* TopButtonView.swift */ = {isa = PBXFileReference; lastKnownFileType = sourcecode.swift; path = TopButtonView.swift; sourceTree = "<group>"; };
		8AB8A7C7296BCC4B00917FDC /* TopBarLeadingView.swift */ = {isa = PBXFileReference; lastKnownFileType = sourcecode.swift; path = TopBarLeadingView.swift; sourceTree = "<group>"; };
		8AB8A7C9296BCE6D00917FDC /* TopBarTrailingView.swift */ = {isa = PBXFileReference; lastKnownFileType = sourcecode.swift; path = TopBarTrailingView.swift; sourceTree = "<group>"; };
		8AB8A7CB296BFCB100917FDC /* RegistrationView.swift */ = {isa = PBXFileReference; lastKnownFileType = sourcecode.swift; path = RegistrationView.swift; sourceTree = "<group>"; };
		8AB8A7CF296C012900917FDC /* GeneralTextFieldView.swift */ = {isa = PBXFileReference; lastKnownFileType = sourcecode.swift; path = GeneralTextFieldView.swift; sourceTree = "<group>"; };
		8AB8A7D1296C1F0700917FDC /* LoginFormView.swift */ = {isa = PBXFileReference; lastKnownFileType = sourcecode.swift; path = LoginFormView.swift; sourceTree = "<group>"; };
		8AB8A7D3296C1F5000917FDC /* LoginDetails.swift */ = {isa = PBXFileReference; lastKnownFileType = sourcecode.swift; path = LoginDetails.swift; sourceTree = "<group>"; };
/* End PBXFileReference section */

/* Begin PBXFrameworksBuildPhase section */
		8AB8A7342965822F00917FDC /* Frameworks */ = {
			isa = PBXFrameworksBuildPhase;
			buildActionMask = 2147483647;
			files = (
			);
			runOnlyForDeploymentPostprocessing = 0;
		};
		8AB8A7442965823000917FDC /* Frameworks */ = {
			isa = PBXFrameworksBuildPhase;
			buildActionMask = 2147483647;
			files = (
			);
			runOnlyForDeploymentPostprocessing = 0;
		};
		8AB8A74E2965823100917FDC /* Frameworks */ = {
			isa = PBXFrameworksBuildPhase;
			buildActionMask = 2147483647;
			files = (
			);
			runOnlyForDeploymentPostprocessing = 0;
		};
/* End PBXFrameworksBuildPhase section */

/* Begin PBXGroup section */
		8A363931296D0FE0006FBC96 /* Static */ = {
			isa = PBXGroup;
			children = (
				8AB8A7BE29681BE500917FDC /* PreviewContentData.swift */,
			);
			path = Static;
			sourceTree = "<group>";
		};
		8A363932296D1039006FBC96 /* RequestModels */ = {
			isa = PBXGroup;
			children = (
				8A363939296D34C7006FBC96 /* CreateLoginData.swift */,
				8A36393D296D35C4006FBC96 /* CreateRegistrationData.swift */,
				8A4D3F8B296E6AF400848823 /* EmptyData.swift */,
			);
			path = RequestModels;
			sourceTree = "<group>";
		};
		8A363933296D105C006FBC96 /* ResponseModels */ = {
			isa = PBXGroup;
			children = (
				8A36393B296D3558006FBC96 /* CreateLoginResponse.swift */,
				8A36393F296D35D7006FBC96 /* CreateRegistrationResponse.swift */,
				8A363946296D6E8E006FBC96 /* ReadBalanceResponse.swift */,
				8A363948296D6FA0006FBC96 /* ReadPayeesResponse.swift */,
				8A36394A296D7075006FBC96 /* ReadTransactionsResponse.swift */,
				8A4D3F8D296E6D5900848823 /* CreateTransferResponse.swift */,
			);
			path = ResponseModels;
			sourceTree = "<group>";
		};
		8A363936296D117D006FBC96 /* Helpers */ = {
			isa = PBXGroup;
			children = (
				8A363937296D1191006FBC96 /* APICaller.swift */,
			);
			path = Helpers;
			sourceTree = "<group>";
		};
		8A363943296D4FF2006FBC96 /* HomeScenes */ = {
			isa = PBXGroup;
			children = (
				8A4D3F82296E4AD000848823 /* HomeCardView.swift */,
				8A363944296D5002006FBC96 /* HomeView.swift */,
			);
			path = HomeScenes;
			sourceTree = "<group>";
		};
		8A4D3F84296E4B2300848823 /* Errors */ = {
			isa = PBXGroup;
			children = (
				8A4D3F89296E5A1800848823 /* ViewUsageError.swift */,
			);
			path = Errors;
			sourceTree = "<group>";
		};
		8AB8A72E2965822F00917FDC = {
			isa = PBXGroup;
			children = (
				8AB8A7392965822F00917FDC /* mdt */,
				8AB8A74A2965823000917FDC /* mdtTests */,
				8AB8A7542965823100917FDC /* mdtUITests */,
				8AB8A7382965822F00917FDC /* Products */,
			);
			sourceTree = "<group>";
		};
		8AB8A7382965822F00917FDC /* Products */ = {
			isa = PBXGroup;
			children = (
				8AB8A7372965822F00917FDC /* mdt.app */,
				8AB8A7472965823000917FDC /* mdtTests.xctest */,
				8AB8A7512965823100917FDC /* mdtUITests.xctest */,
			);
			name = Products;
			sourceTree = "<group>";
		};
		8AB8A7392965822F00917FDC /* mdt */ = {
			isa = PBXGroup;
			children = (
				8A4D3F84296E4B2300848823 /* Errors */,
				8AB8A7BD29681BCC00917FDC /* Stores */,
				8AB8A73A2965822F00917FDC /* mdtApp.swift */,
				8AB8A7662966601600917FDC /* Models */,
				8AB8A7652966600B00917FDC /* Services */,
				8AB8A76429665FFE00917FDC /* Views */,
				8AB8A73E2965823000917FDC /* Assets.xcassets */,
				8AB8A7402965823000917FDC /* Preview Content */,
			);
			path = mdt;
			sourceTree = "<group>";
		};
		8AB8A7402965823000917FDC /* Preview Content */ = {
			isa = PBXGroup;
			children = (
				8AB8A7412965823000917FDC /* Preview Assets.xcassets */,
			);
			path = "Preview Content";
			sourceTree = "<group>";
		};
		8AB8A74A2965823000917FDC /* mdtTests */ = {
			isa = PBXGroup;
			children = (
				8AB8A74B2965823000917FDC /* mdtTests.swift */,
			);
			path = mdtTests;
			sourceTree = "<group>";
		};
		8AB8A7542965823100917FDC /* mdtUITests */ = {
			isa = PBXGroup;
			children = (
				8AB8A7552965823100917FDC /* mdtUITests.swift */,
				8AB8A7572965823100917FDC /* mdtUITestsLaunchTests.swift */,
			);
			path = mdtUITests;
			sourceTree = "<group>";
		};
		8AB8A76429665FFE00917FDC /* Views */ = {
			isa = PBXGroup;
			children = (
				8A363943296D4FF2006FBC96 /* HomeScenes */,
				8AB8A7C2296BA8B900917FDC /* GeneralViews */,
				8AB8A7C12968216200917FDC /* RegistrationScenes */,
				8AB8A7C02968215900917FDC /* LoginScenes */,
				8AB8A7692966696D00917FDC /* PreviewScenes */,
			);
			path = Views;
			sourceTree = "<group>";
		};
		8AB8A7652966600B00917FDC /* Services */ = {
			isa = PBXGroup;
			children = (
				8A363936296D117D006FBC96 /* Helpers */,
				8A363933296D105C006FBC96 /* ResponseModels */,
				8A363932296D1039006FBC96 /* RequestModels */,
				8A363934296D107B006FBC96 /* MdtAPIService.swift */,
			);
			path = Services;
			sourceTree = "<group>";
		};
		8AB8A7662966601600917FDC /* Models */ = {
			isa = PBXGroup;
			children = (
				8AB8A767296665A100917FDC /* Theme.swift */,
				8AB8A7B92967E1CB00917FDC /* PreviewContent.swift */,
				8AB8A7BB2968142700917FDC /* CarouselIndex.swift */,
				8AB8A7D3296C1F5000917FDC /* LoginDetails.swift */,
				8A363941296D4CF2006FBC96 /* GlobalStates.swift */,
			);
			path = Models;
			sourceTree = "<group>";
		};
		8AB8A7692966696D00917FDC /* PreviewScenes */ = {
			isa = PBXGroup;
			children = (
				8AB8A73C2965822F00917FDC /* PreviewView.swift */,
				8AB8A7B12967D8A200917FDC /* PreviewMainContentView.swift */,
				8AB8A7B72967E0BC00917FDC /* PreviewsView.swift */,
			);
			path = PreviewScenes;
			sourceTree = "<group>";
		};
		8AB8A7BD29681BCC00917FDC /* Stores */ = {
			isa = PBXGroup;
			children = (
				8A363931296D0FE0006FBC96 /* Static */,
			);
			path = Stores;
			sourceTree = "<group>";
		};
		8AB8A7C02968215900917FDC /* LoginScenes */ = {
			isa = PBXGroup;
			children = (
				8AB8A7C3296BA99F00917FDC /* LoginView.swift */,
				8AB8A7D1296C1F0700917FDC /* LoginFormView.swift */,
			);
			path = LoginScenes;
			sourceTree = "<group>";
		};
		8AB8A7C12968216200917FDC /* RegistrationScenes */ = {
			isa = PBXGroup;
			children = (
				8AB8A7CB296BFCB100917FDC /* RegistrationView.swift */,
				8A36392D296D036B006FBC96 /* RegistrationFormView.swift */,
			);
			path = RegistrationScenes;
			sourceTree = "<group>";
		};
		8AB8A7C2296BA8B900917FDC /* GeneralViews */ = {
			isa = PBXGroup;
			children = (
				8AB8A7B52967DA3000917FDC /* BottomButtonView.swift */,
				8AB8A7C5296BAF0000917FDC /* TopButtonView.swift */,
				8AB8A7C7296BCC4B00917FDC /* TopBarLeadingView.swift */,
				8AB8A7C9296BCE6D00917FDC /* TopBarTrailingView.swift */,
				8AB8A7CF296C012900917FDC /* GeneralTextFieldView.swift */,
				8A4D3F87296E50A000848823 /* CardView.swift */,
			);
			path = GeneralViews;
			sourceTree = "<group>";
		};
/* End PBXGroup section */

/* Begin PBXNativeTarget section */
		8AB8A7362965822F00917FDC /* mdt */ = {
			isa = PBXNativeTarget;
			buildConfigurationList = 8AB8A75B2965823100917FDC /* Build configuration list for PBXNativeTarget "mdt" */;
			buildPhases = (
				8AB8A7332965822F00917FDC /* Sources */,
				8AB8A7342965822F00917FDC /* Frameworks */,
				8AB8A7352965822F00917FDC /* Resources */,
			);
			buildRules = (
			);
			dependencies = (
			);
			name = mdt;
			productName = mdt;
			productReference = 8AB8A7372965822F00917FDC /* mdt.app */;
			productType = "com.apple.product-type.application";
		};
		8AB8A7462965823000917FDC /* mdtTests */ = {
			isa = PBXNativeTarget;
			buildConfigurationList = 8AB8A75E2965823100917FDC /* Build configuration list for PBXNativeTarget "mdtTests" */;
			buildPhases = (
				8AB8A7432965823000917FDC /* Sources */,
				8AB8A7442965823000917FDC /* Frameworks */,
				8AB8A7452965823000917FDC /* Resources */,
			);
			buildRules = (
			);
			dependencies = (
				8AB8A7492965823000917FDC /* PBXTargetDependency */,
			);
			name = mdtTests;
			productName = mdtTests;
			productReference = 8AB8A7472965823000917FDC /* mdtTests.xctest */;
			productType = "com.apple.product-type.bundle.unit-test";
		};
		8AB8A7502965823100917FDC /* mdtUITests */ = {
			isa = PBXNativeTarget;
			buildConfigurationList = 8AB8A7612965823100917FDC /* Build configuration list for PBXNativeTarget "mdtUITests" */;
			buildPhases = (
				8AB8A74D2965823100917FDC /* Sources */,
				8AB8A74E2965823100917FDC /* Frameworks */,
				8AB8A74F2965823100917FDC /* Resources */,
			);
			buildRules = (
			);
			dependencies = (
				8AB8A7532965823100917FDC /* PBXTargetDependency */,
			);
			name = mdtUITests;
			productName = mdtUITests;
			productReference = 8AB8A7512965823100917FDC /* mdtUITests.xctest */;
			productType = "com.apple.product-type.bundle.ui-testing";
		};
/* End PBXNativeTarget section */

/* Begin PBXProject section */
		8AB8A72F2965822F00917FDC /* Project object */ = {
			isa = PBXProject;
			attributes = {
				BuildIndependentTargetsInParallel = 1;
				LastSwiftUpdateCheck = 1340;
				LastUpgradeCheck = 1340;
				TargetAttributes = {
					8AB8A7362965822F00917FDC = {
						CreatedOnToolsVersion = 13.4.1;
					};
					8AB8A7462965823000917FDC = {
						CreatedOnToolsVersion = 13.4.1;
						TestTargetID = 8AB8A7362965822F00917FDC;
					};
					8AB8A7502965823100917FDC = {
						CreatedOnToolsVersion = 13.4.1;
						TestTargetID = 8AB8A7362965822F00917FDC;
					};
				};
			};
			buildConfigurationList = 8AB8A7322965822F00917FDC /* Build configuration list for PBXProject "mdt" */;
			compatibilityVersion = "Xcode 13.0";
			developmentRegion = en;
			hasScannedForEncodings = 0;
			knownRegions = (
				en,
				Base,
			);
			mainGroup = 8AB8A72E2965822F00917FDC;
			productRefGroup = 8AB8A7382965822F00917FDC /* Products */;
			projectDirPath = "";
			projectRoot = "";
			targets = (
				8AB8A7362965822F00917FDC /* mdt */,
				8AB8A7462965823000917FDC /* mdtTests */,
				8AB8A7502965823100917FDC /* mdtUITests */,
			);
		};
/* End PBXProject section */

/* Begin PBXResourcesBuildPhase section */
		8AB8A7352965822F00917FDC /* Resources */ = {
			isa = PBXResourcesBuildPhase;
			buildActionMask = 2147483647;
			files = (
				8AB8A7422965823000917FDC /* Preview Assets.xcassets in Resources */,
				8AB8A73F2965823000917FDC /* Assets.xcassets in Resources */,
			);
			runOnlyForDeploymentPostprocessing = 0;
		};
		8AB8A7452965823000917FDC /* Resources */ = {
			isa = PBXResourcesBuildPhase;
			buildActionMask = 2147483647;
			files = (
			);
			runOnlyForDeploymentPostprocessing = 0;
		};
		8AB8A74F2965823100917FDC /* Resources */ = {
			isa = PBXResourcesBuildPhase;
			buildActionMask = 2147483647;
			files = (
			);
			runOnlyForDeploymentPostprocessing = 0;
		};
/* End PBXResourcesBuildPhase section */

/* Begin PBXSourcesBuildPhase section */
		8AB8A7332965822F00917FDC /* Sources */ = {
			isa = PBXSourcesBuildPhase;
			buildActionMask = 2147483647;
			files = (
				8AB8A7BF29681BE500917FDC /* PreviewContentData.swift in Sources */,
				8A36392E296D036B006FBC96 /* RegistrationFormView.swift in Sources */,
				8A363940296D35D7006FBC96 /* CreateRegistrationResponse.swift in Sources */,
				8AB8A7B22967D8A200917FDC /* PreviewMainContentView.swift in Sources */,
				8AB8A7C6296BAF0000917FDC /* TopButtonView.swift in Sources */,
				8A4D3F83296E4AD000848823 /* HomeCardView.swift in Sources */,
				8A363935296D107B006FBC96 /* MdtAPIService.swift in Sources */,
				8AB8A7CC296BFCB100917FDC /* RegistrationView.swift in Sources */,
				8A36393C296D3558006FBC96 /* CreateLoginResponse.swift in Sources */,
				8A4D3F8A296E5A1800848823 /* ViewUsageError.swift in Sources */,
				8A4D3F88296E50A000848823 /* CardView.swift in Sources */,
				8A363947296D6E8F006FBC96 /* ReadBalanceResponse.swift in Sources */,
				8A363938296D1191006FBC96 /* APICaller.swift in Sources */,
				8A4D3F8E296E6D5900848823 /* CreateTransferResponse.swift in Sources */,
				8AB8A768296665A100917FDC /* Theme.swift in Sources */,
				8A36393A296D34C7006FBC96 /* CreateLoginData.swift in Sources */,
				8A4D3F8C296E6AF400848823 /* EmptyData.swift in Sources */,
				8AB8A7B62967DA3000917FDC /* BottomButtonView.swift in Sources */,
				8AB8A7D4296C1F5000917FDC /* LoginDetails.swift in Sources */,
				8AB8A7D2296C1F0700917FDC /* LoginFormView.swift in Sources */,
				8AB8A7B82967E0BC00917FDC /* PreviewsView.swift in Sources */,
				8A363945296D5002006FBC96 /* HomeView.swift in Sources */,
				8AB8A7BC2968142800917FDC /* CarouselIndex.swift in Sources */,
				8AB8A7BA2967E1CB00917FDC /* PreviewContent.swift in Sources */,
				8AB8A7D0296C012900917FDC /* GeneralTextFieldView.swift in Sources */,
				8A363942296D4CF2006FBC96 /* GlobalStates.swift in Sources */,
				8AB8A7CA296BCE6D00917FDC /* TopBarTrailingView.swift in Sources */,
				8A36394B296D7075006FBC96 /* ReadTransactionsResponse.swift in Sources */,
				8AB8A73D2965822F00917FDC /* PreviewView.swift in Sources */,
				8A36393E296D35C4006FBC96 /* CreateRegistrationData.swift in Sources */,
				8AB8A7C8296BCC4B00917FDC /* TopBarLeadingView.swift in Sources */,
				8A363949296D6FA0006FBC96 /* ReadPayeesResponse.swift in Sources */,
				8AB8A7C4296BA99F00917FDC /* LoginView.swift in Sources */,
				8AB8A73B2965822F00917FDC /* mdtApp.swift in Sources */,
			);
			runOnlyForDeploymentPostprocessing = 0;
		};
		8AB8A7432965823000917FDC /* Sources */ = {
			isa = PBXSourcesBuildPhase;
			buildActionMask = 2147483647;
			files = (
				8AB8A74C2965823000917FDC /* mdtTests.swift in Sources */,
			);
			runOnlyForDeploymentPostprocessing = 0;
		};
		8AB8A74D2965823100917FDC /* Sources */ = {
			isa = PBXSourcesBuildPhase;
			buildActionMask = 2147483647;
			files = (
				8AB8A7582965823100917FDC /* mdtUITestsLaunchTests.swift in Sources */,
				8AB8A7562965823100917FDC /* mdtUITests.swift in Sources */,
			);
			runOnlyForDeploymentPostprocessing = 0;
		};
/* End PBXSourcesBuildPhase section */

/* Begin PBXTargetDependency section */
		8AB8A7492965823000917FDC /* PBXTargetDependency */ = {
			isa = PBXTargetDependency;
			target = 8AB8A7362965822F00917FDC /* mdt */;
			targetProxy = 8AB8A7482965823000917FDC /* PBXContainerItemProxy */;
		};
		8AB8A7532965823100917FDC /* PBXTargetDependency */ = {
			isa = PBXTargetDependency;
			target = 8AB8A7362965822F00917FDC /* mdt */;
			targetProxy = 8AB8A7522965823100917FDC /* PBXContainerItemProxy */;
		};
/* End PBXTargetDependency section */

/* Begin XCBuildConfiguration section */
		8AB8A7592965823100917FDC /* Debug */ = {
			isa = XCBuildConfiguration;
			buildSettings = {
				ALWAYS_SEARCH_USER_PATHS = NO;
				CLANG_ANALYZER_NONNULL = YES;
				CLANG_ANALYZER_NUMBER_OBJECT_CONVERSION = YES_AGGRESSIVE;
				CLANG_CXX_LANGUAGE_STANDARD = "gnu++17";
				CLANG_ENABLE_MODULES = YES;
				CLANG_ENABLE_OBJC_ARC = YES;
				CLANG_ENABLE_OBJC_WEAK = YES;
				CLANG_WARN_BLOCK_CAPTURE_AUTORELEASING = YES;
				CLANG_WARN_BOOL_CONVERSION = YES;
				CLANG_WARN_COMMA = YES;
				CLANG_WARN_CONSTANT_CONVERSION = YES;
				CLANG_WARN_DEPRECATED_OBJC_IMPLEMENTATIONS = YES;
				CLANG_WARN_DIRECT_OBJC_ISA_USAGE = YES_ERROR;
				CLANG_WARN_DOCUMENTATION_COMMENTS = YES;
				CLANG_WARN_EMPTY_BODY = YES;
				CLANG_WARN_ENUM_CONVERSION = YES;
				CLANG_WARN_INFINITE_RECURSION = YES;
				CLANG_WARN_INT_CONVERSION = YES;
				CLANG_WARN_NON_LITERAL_NULL_CONVERSION = YES;
				CLANG_WARN_OBJC_IMPLICIT_RETAIN_SELF = YES;
				CLANG_WARN_OBJC_LITERAL_CONVERSION = YES;
				CLANG_WARN_OBJC_ROOT_CLASS = YES_ERROR;
				CLANG_WARN_QUOTED_INCLUDE_IN_FRAMEWORK_HEADER = YES;
				CLANG_WARN_RANGE_LOOP_ANALYSIS = YES;
				CLANG_WARN_STRICT_PROTOTYPES = YES;
				CLANG_WARN_SUSPICIOUS_MOVE = YES;
				CLANG_WARN_UNGUARDED_AVAILABILITY = YES_AGGRESSIVE;
				CLANG_WARN_UNREACHABLE_CODE = YES;
				CLANG_WARN__DUPLICATE_METHOD_MATCH = YES;
				COPY_PHASE_STRIP = NO;
				DEBUG_INFORMATION_FORMAT = dwarf;
				ENABLE_STRICT_OBJC_MSGSEND = YES;
				ENABLE_TESTABILITY = YES;
				GCC_C_LANGUAGE_STANDARD = gnu11;
				GCC_DYNAMIC_NO_PIC = NO;
				GCC_NO_COMMON_BLOCKS = YES;
				GCC_OPTIMIZATION_LEVEL = 0;
				GCC_PREPROCESSOR_DEFINITIONS = (
					"DEBUG=1",
					"$(inherited)",
				);
				GCC_WARN_64_TO_32_BIT_CONVERSION = YES;
				GCC_WARN_ABOUT_RETURN_TYPE = YES_ERROR;
				GCC_WARN_UNDECLARED_SELECTOR = YES;
				GCC_WARN_UNINITIALIZED_AUTOS = YES_AGGRESSIVE;
				GCC_WARN_UNUSED_FUNCTION = YES;
				GCC_WARN_UNUSED_VARIABLE = YES;
				IPHONEOS_DEPLOYMENT_TARGET = 15.5;
				MTL_ENABLE_DEBUG_INFO = INCLUDE_SOURCE;
				MTL_FAST_MATH = YES;
				ONLY_ACTIVE_ARCH = YES;
				SDKROOT = iphoneos;
				SWIFT_ACTIVE_COMPILATION_CONDITIONS = DEBUG;
				SWIFT_OPTIMIZATION_LEVEL = "-Onone";
			};
			name = Debug;
		};
		8AB8A75A2965823100917FDC /* Release */ = {
			isa = XCBuildConfiguration;
			buildSettings = {
				ALWAYS_SEARCH_USER_PATHS = NO;
				CLANG_ANALYZER_NONNULL = YES;
				CLANG_ANALYZER_NUMBER_OBJECT_CONVERSION = YES_AGGRESSIVE;
				CLANG_CXX_LANGUAGE_STANDARD = "gnu++17";
				CLANG_ENABLE_MODULES = YES;
				CLANG_ENABLE_OBJC_ARC = YES;
				CLANG_ENABLE_OBJC_WEAK = YES;
				CLANG_WARN_BLOCK_CAPTURE_AUTORELEASING = YES;
				CLANG_WARN_BOOL_CONVERSION = YES;
				CLANG_WARN_COMMA = YES;
				CLANG_WARN_CONSTANT_CONVERSION = YES;
				CLANG_WARN_DEPRECATED_OBJC_IMPLEMENTATIONS = YES;
				CLANG_WARN_DIRECT_OBJC_ISA_USAGE = YES_ERROR;
				CLANG_WARN_DOCUMENTATION_COMMENTS = YES;
				CLANG_WARN_EMPTY_BODY = YES;
				CLANG_WARN_ENUM_CONVERSION = YES;
				CLANG_WARN_INFINITE_RECURSION = YES;
				CLANG_WARN_INT_CONVERSION = YES;
				CLANG_WARN_NON_LITERAL_NULL_CONVERSION = YES;
				CLANG_WARN_OBJC_IMPLICIT_RETAIN_SELF = YES;
				CLANG_WARN_OBJC_LITERAL_CONVERSION = YES;
				CLANG_WARN_OBJC_ROOT_CLASS = YES_ERROR;
				CLANG_WARN_QUOTED_INCLUDE_IN_FRAMEWORK_HEADER = YES;
				CLANG_WARN_RANGE_LOOP_ANALYSIS = YES;
				CLANG_WARN_STRICT_PROTOTYPES = YES;
				CLANG_WARN_SUSPICIOUS_MOVE = YES;
				CLANG_WARN_UNGUARDED_AVAILABILITY = YES_AGGRESSIVE;
				CLANG_WARN_UNREACHABLE_CODE = YES;
				CLANG_WARN__DUPLICATE_METHOD_MATCH = YES;
				COPY_PHASE_STRIP = NO;
				DEBUG_INFORMATION_FORMAT = "dwarf-with-dsym";
				ENABLE_NS_ASSERTIONS = NO;
				ENABLE_STRICT_OBJC_MSGSEND = YES;
				GCC_C_LANGUAGE_STANDARD = gnu11;
				GCC_NO_COMMON_BLOCKS = YES;
				GCC_WARN_64_TO_32_BIT_CONVERSION = YES;
				GCC_WARN_ABOUT_RETURN_TYPE = YES_ERROR;
				GCC_WARN_UNDECLARED_SELECTOR = YES;
				GCC_WARN_UNINITIALIZED_AUTOS = YES_AGGRESSIVE;
				GCC_WARN_UNUSED_FUNCTION = YES;
				GCC_WARN_UNUSED_VARIABLE = YES;
				IPHONEOS_DEPLOYMENT_TARGET = 15.5;
				MTL_ENABLE_DEBUG_INFO = NO;
				MTL_FAST_MATH = YES;
				SDKROOT = iphoneos;
				SWIFT_COMPILATION_MODE = wholemodule;
				SWIFT_OPTIMIZATION_LEVEL = "-O";
				VALIDATE_PRODUCT = YES;
			};
			name = Release;
		};
		8AB8A75C2965823100917FDC /* Debug */ = {
			isa = XCBuildConfiguration;
			buildSettings = {
				ASSETCATALOG_COMPILER_APPICON_NAME = AppIcon;
				ASSETCATALOG_COMPILER_GLOBAL_ACCENT_COLOR_NAME = AccentColor;
				CODE_SIGN_STYLE = Automatic;
				CURRENT_PROJECT_VERSION = 1;
				DEVELOPMENT_ASSET_PATHS = "\"mdt/Preview Content\"";
				ENABLE_PREVIEWS = YES;
				GENERATE_INFOPLIST_FILE = YES;
				INFOPLIST_KEY_UIApplicationSceneManifest_Generation = YES;
				INFOPLIST_KEY_UIApplicationSupportsIndirectInputEvents = YES;
				INFOPLIST_KEY_UILaunchScreen_Generation = YES;
				INFOPLIST_KEY_UISupportedInterfaceOrientations_iPad = "UIInterfaceOrientationPortrait UIInterfaceOrientationPortraitUpsideDown UIInterfaceOrientationLandscapeLeft UIInterfaceOrientationLandscapeRight";
				INFOPLIST_KEY_UISupportedInterfaceOrientations_iPhone = "UIInterfaceOrientationPortrait UIInterfaceOrientationLandscapeLeft UIInterfaceOrientationLandscapeRight";
				LD_RUNPATH_SEARCH_PATHS = (
					"$(inherited)",
					"@executable_path/Frameworks",
				);
				MARKETING_VERSION = 1.0;
				PRODUCT_BUNDLE_IDENTIFIER = "com.hoo-dkwozd.ios-tutorial.mdt";
				PRODUCT_NAME = "$(TARGET_NAME)";
				SWIFT_EMIT_LOC_STRINGS = YES;
				SWIFT_VERSION = 5.0;
				TARGETED_DEVICE_FAMILY = "1,2";
			};
			name = Debug;
		};
		8AB8A75D2965823100917FDC /* Release */ = {
			isa = XCBuildConfiguration;
			buildSettings = {
				ASSETCATALOG_COMPILER_APPICON_NAME = AppIcon;
				ASSETCATALOG_COMPILER_GLOBAL_ACCENT_COLOR_NAME = AccentColor;
				CODE_SIGN_STYLE = Automatic;
				CURRENT_PROJECT_VERSION = 1;
				DEVELOPMENT_ASSET_PATHS = "\"mdt/Preview Content\"";
				ENABLE_PREVIEWS = YES;
				GENERATE_INFOPLIST_FILE = YES;
				INFOPLIST_KEY_UIApplicationSceneManifest_Generation = YES;
				INFOPLIST_KEY_UIApplicationSupportsIndirectInputEvents = YES;
				INFOPLIST_KEY_UILaunchScreen_Generation = YES;
				INFOPLIST_KEY_UISupportedInterfaceOrientations_iPad = "UIInterfaceOrientationPortrait UIInterfaceOrientationPortraitUpsideDown UIInterfaceOrientationLandscapeLeft UIInterfaceOrientationLandscapeRight";
				INFOPLIST_KEY_UISupportedInterfaceOrientations_iPhone = "UIInterfaceOrientationPortrait UIInterfaceOrientationLandscapeLeft UIInterfaceOrientationLandscapeRight";
				LD_RUNPATH_SEARCH_PATHS = (
					"$(inherited)",
					"@executable_path/Frameworks",
				);
				MARKETING_VERSION = 1.0;
				PRODUCT_BUNDLE_IDENTIFIER = "com.hoo-dkwozd.ios-tutorial.mdt";
				PRODUCT_NAME = "$(TARGET_NAME)";
				SWIFT_EMIT_LOC_STRINGS = YES;
				SWIFT_VERSION = 5.0;
				TARGETED_DEVICE_FAMILY = "1,2";
			};
			name = Release;
		};
		8AB8A75F2965823100917FDC /* Debug */ = {
			isa = XCBuildConfiguration;
			buildSettings = {
				ALWAYS_EMBED_SWIFT_STANDARD_LIBRARIES = YES;
				BUNDLE_LOADER = "$(TEST_HOST)";
				CODE_SIGN_STYLE = Automatic;
				CURRENT_PROJECT_VERSION = 1;
				GENERATE_INFOPLIST_FILE = YES;
				IPHONEOS_DEPLOYMENT_TARGET = 15.5;
				MARKETING_VERSION = 1.0;
				PRODUCT_BUNDLE_IDENTIFIER = "com.hoo-dkwozd.ios-tutorial.mdtTests";
				PRODUCT_NAME = "$(TARGET_NAME)";
				SWIFT_EMIT_LOC_STRINGS = NO;
				SWIFT_VERSION = 5.0;
				TARGETED_DEVICE_FAMILY = "1,2";
				TEST_HOST = "$(BUILT_PRODUCTS_DIR)/mdt.app/mdt";
			};
			name = Debug;
		};
		8AB8A7602965823100917FDC /* Release */ = {
			isa = XCBuildConfiguration;
			buildSettings = {
				ALWAYS_EMBED_SWIFT_STANDARD_LIBRARIES = YES;
				BUNDLE_LOADER = "$(TEST_HOST)";
				CODE_SIGN_STYLE = Automatic;
				CURRENT_PROJECT_VERSION = 1;
				GENERATE_INFOPLIST_FILE = YES;
				IPHONEOS_DEPLOYMENT_TARGET = 15.5;
				MARKETING_VERSION = 1.0;
				PRODUCT_BUNDLE_IDENTIFIER = "com.hoo-dkwozd.ios-tutorial.mdtTests";
				PRODUCT_NAME = "$(TARGET_NAME)";
				SWIFT_EMIT_LOC_STRINGS = NO;
				SWIFT_VERSION = 5.0;
				TARGETED_DEVICE_FAMILY = "1,2";
				TEST_HOST = "$(BUILT_PRODUCTS_DIR)/mdt.app/mdt";
			};
			name = Release;
		};
		8AB8A7622965823100917FDC /* Debug */ = {
			isa = XCBuildConfiguration;
			buildSettings = {
				ALWAYS_EMBED_SWIFT_STANDARD_LIBRARIES = YES;
				CODE_SIGN_STYLE = Automatic;
				CURRENT_PROJECT_VERSION = 1;
				GENERATE_INFOPLIST_FILE = YES;
				MARKETING_VERSION = 1.0;
				PRODUCT_BUNDLE_IDENTIFIER = "com.hoo-dkwozd.ios-tutorial.mdtUITests";
				PRODUCT_NAME = "$(TARGET_NAME)";
				SWIFT_EMIT_LOC_STRINGS = NO;
				SWIFT_VERSION = 5.0;
				TARGETED_DEVICE_FAMILY = "1,2";
				TEST_TARGET_NAME = mdt;
			};
			name = Debug;
		};
		8AB8A7632965823100917FDC /* Release */ = {
			isa = XCBuildConfiguration;
			buildSettings = {
				ALWAYS_EMBED_SWIFT_STANDARD_LIBRARIES = YES;
				CODE_SIGN_STYLE = Automatic;
				CURRENT_PROJECT_VERSION = 1;
				GENERATE_INFOPLIST_FILE = YES;
				MARKETING_VERSION = 1.0;
				PRODUCT_BUNDLE_IDENTIFIER = "com.hoo-dkwozd.ios-tutorial.mdtUITests";
				PRODUCT_NAME = "$(TARGET_NAME)";
				SWIFT_EMIT_LOC_STRINGS = NO;
				SWIFT_VERSION = 5.0;
				TARGETED_DEVICE_FAMILY = "1,2";
				TEST_TARGET_NAME = mdt;
			};
			name = Release;
		};
/* End XCBuildConfiguration section */

/* Begin XCConfigurationList section */
		8AB8A7322965822F00917FDC /* Build configuration list for PBXProject "mdt" */ = {
			isa = XCConfigurationList;
			buildConfigurations = (
				8AB8A7592965823100917FDC /* Debug */,
				8AB8A75A2965823100917FDC /* Release */,
			);
			defaultConfigurationIsVisible = 0;
			defaultConfigurationName = Release;
		};
		8AB8A75B2965823100917FDC /* Build configuration list for PBXNativeTarget "mdt" */ = {
			isa = XCConfigurationList;
			buildConfigurations = (
				8AB8A75C2965823100917FDC /* Debug */,
				8AB8A75D2965823100917FDC /* Release */,
			);
			defaultConfigurationIsVisible = 0;
			defaultConfigurationName = Release;
		};
		8AB8A75E2965823100917FDC /* Build configuration list for PBXNativeTarget "mdtTests" */ = {
			isa = XCConfigurationList;
			buildConfigurations = (
				8AB8A75F2965823100917FDC /* Debug */,
				8AB8A7602965823100917FDC /* Release */,
			);
			defaultConfigurationIsVisible = 0;
			defaultConfigurationName = Release;
		};
		8AB8A7612965823100917FDC /* Build configuration list for PBXNativeTarget "mdtUITests" */ = {
			isa = XCConfigurationList;
			buildConfigurations = (
				8AB8A7622965823100917FDC /* Debug */,
				8AB8A7632965823100917FDC /* Release */,
			);
			defaultConfigurationIsVisible = 0;
			defaultConfigurationName = Release;
		};
/* End XCConfigurationList section */
	};
	rootObject = 8AB8A72F2965822F00917FDC /* Project object */;
}
